
Microsoft Visual Studio Solution File, Format Version 12.00
# Visual Studio Version 17
VisualStudioVersion = 17.9.34723.18
MinimumVisualStudioVersion = 10.0.40219.1
Project("{FAE04EC0-301F-11D3-BF4B-00C04F79EFBC}") = "SOLID_5", "SOLID_5.csproj", "{89B8B7A2-B643-422D-B874-AD7428FBC927}"
EndProject
Global
	GlobalSection(SolutionConfigurationPlatforms) = preSolution
		Debug|Any CPU = Debug|Any CPU
		Release|Any CPU = Release|Any CPU
	EndGlobalSection
	GlobalSection(ProjectConfigurationPlatforms) = postSolution
		{89B8B7A2-B643-422D-B874-AD7428FBC927}.Debug|Any CPU.ActiveCfg = Debug|Any CPU
		{89B8B7A2-B643-422D-B874-AD7428FBC927}.Debug|Any CPU.Build.0 = Debug|Any CPU
		{89B8B7A2-B643-422D-B874-AD7428FBC927}.Release|Any CPU.ActiveCfg = Release|Any CPU
		{89B8B7A2-B643-422D-B874-AD7428FBC927}.Release|Any CPU.Build.0 = Release|Any CPU
	EndGlobalSection
	GlobalSection(SolutionProperties) = preSolution
		HideSolutionNode = FALSE
	EndGlobalSection
	GlobalSection(ExtensibilityGlobals) = postSolution
		SolutionGuid = {38AFAF1B-D4D6-4619-BDA5-CF27D9C2AEBC}
	EndGlobalSection
EndGlobal
