
Microsoft Visual Studio Solution File, Format Version 12.00
# Visual Studio Version 17
VisualStudioVersion = 17.9.34723.18
MinimumVisualStudioVersion = 10.0.40219.1
Project("{FAE04EC0-301F-11D3-BF4B-00C04F79EFBC}") = "SOLID_3", "SOLID_3.csproj", "{38296BDF-DEC2-4F88-A560-E096B881320C}"
EndProject
Global
	GlobalSection(SolutionConfigurationPlatforms) = preSolution
		Debug|Any CPU = Debug|Any CPU
		Release|Any CPU = Release|Any CPU
	EndGlobalSection
	GlobalSection(ProjectConfigurationPlatforms) = postSolution
		{38296BDF-DEC2-4F88-A560-E096B881320C}.Debug|Any CPU.ActiveCfg = Debug|Any CPU
		{38296BDF-DEC2-4F88-A560-E096B881320C}.Debug|Any CPU.Build.0 = Debug|Any CPU
		{38296BDF-DEC2-4F88-A560-E096B881320C}.Release|Any CPU.ActiveCfg = Release|Any CPU
		{38296BDF-DEC2-4F88-A560-E096B881320C}.Release|Any CPU.Build.0 = Release|Any CPU
	EndGlobalSection
	GlobalSection(SolutionProperties) = preSolution
		HideSolutionNode = FALSE
	EndGlobalSection
	GlobalSection(ExtensibilityGlobals) = postSolution
		SolutionGuid = {5EF668FF-71D1-43C4-909D-AEFA29E03AF0}
	EndGlobalSection
EndGlobal
