
Microsoft Visual Studio Solution File, Format Version 12.00
# Visual Studio Version 17
VisualStudioVersion = 17.9.34723.18
MinimumVisualStudioVersion = 10.0.40219.1
Project("{FAE04EC0-301F-11D3-BF4B-00C04F79EFBC}") = "GENERICS_1", "GENERICS_1.csproj", "{D165BB1E-2D2C-4AF7-B9FB-114699088EBD}"
EndProject
Global
	GlobalSection(SolutionConfigurationPlatforms) = preSolution
		Debug|Any CPU = Debug|Any CPU
		Release|Any CPU = Release|Any CPU
	EndGlobalSection
	GlobalSection(ProjectConfigurationPlatforms) = postSolution
		{D165BB1E-2D2C-4AF7-B9FB-114699088EBD}.Debug|Any CPU.ActiveCfg = Debug|Any CPU
		{D165BB1E-2D2C-4AF7-B9FB-114699088EBD}.Debug|Any CPU.Build.0 = Debug|Any CPU
		{D165BB1E-2D2C-4AF7-B9FB-114699088EBD}.Release|Any CPU.ActiveCfg = Release|Any CPU
		{D165BB1E-2D2C-4AF7-B9FB-114699088EBD}.Release|Any CPU.Build.0 = Release|Any CPU
	EndGlobalSection
	GlobalSection(SolutionProperties) = preSolution
		HideSolutionNode = FALSE
	EndGlobalSection
	GlobalSection(ExtensibilityGlobals) = postSolution
		SolutionGuid = {E225B0E4-0A86-4D4E-8ACD-852208A71C86}
	EndGlobalSection
EndGlobal
